
Microsoft Visual Studio Solution File, Format Version 12.00
# Visual Studio 15
VisualStudioVersion = 15.0.28307.106
MinimumVisualStudioVersion = 10.0.40219.1
Project("{FAE04EC0-301F-11D3-BF4B-00C04F79EFBC}") = "Naughty or nice", "Naughty or nice\Naughty or nice.csproj", "{DACA4335-0074-423D-8650-409DBE84B958}"
EndProject
Global
	GlobalSection(SolutionConfigurationPlatforms) = preSolution
		Debug|Any CPU = Debug|Any CPU
		Release|Any CPU = Release|Any CPU
	EndGlobalSection
	GlobalSection(ProjectConfigurationPlatforms) = postSolution
		{DACA4335-0074-423D-8650-409DBE84B958}.Debug|Any CPU.ActiveCfg = Debug|Any CPU
		{DACA4335-0074-423D-8650-409DBE84B958}.Debug|Any CPU.Build.0 = Debug|Any CPU
		{DACA4335-0074-423D-8650-409DBE84B958}.Release|Any CPU.ActiveCfg = Release|Any CPU
		{DACA4335-0074-423D-8650-409DBE84B958}.Release|Any CPU.Build.0 = Release|Any CPU
	EndGlobalSection
	GlobalSection(SolutionProperties) = preSolution
		HideSolutionNode = FALSE
	EndGlobalSection
	GlobalSection(ExtensibilityGlobals) = postSolution
		SolutionGuid = {B4DA93DA-D00A-4202-87A0-E2E42AC51795}
	EndGlobalSection
EndGlobal
